// !$*UTF8*$!
{
	archiveVersion = 1;
	classes = {
	};
	objectVersion = 50;
	objects = {

/* Begin PBXBuildFile section */
		E84FD302232D47C800992AAB /* AppDelegate.swift in Sources */ = {isa = PBXBuildFile; fileRef = E84FD301232D47C800992AAB /* AppDelegate.swift */; };
		E84FD304232D47C800992AAB /* ViewController.swift in Sources */ = {isa = PBXBuildFile; fileRef = E84FD303232D47C800992AAB /* ViewController.swift */; };
		E84FD307232D47C800992AAB /* Main.storyboard in Resources */ = {isa = PBXBuildFile; fileRef = E84FD305232D47C800992AAB /* Main.storyboard */; };
		E84FD30A232D47C800992AAB /* HackMIT_iOS.xcdatamodeld in Sources */ = {isa = PBXBuildFile; fileRef = E84FD308232D47C800992AAB /* HackMIT_iOS.xcdatamodeld */; };
		E84FD30C232D47C900992AAB /* Assets.xcassets in Resources */ = {isa = PBXBuildFile; fileRef = E84FD30B232D47C900992AAB /* Assets.xcassets */; };
		E84FD30F232D47C900992AAB /* LaunchScreen.storyboard in Resources */ = {isa = PBXBuildFile; fileRef = E84FD30D232D47C900992AAB /* LaunchScreen.storyboard */; };
/* End PBXBuildFile section */

/* Begin PBXFileReference section */
		E84FD2FE232D47C800992AAB /* HackMIT-iOS.app */ = {isa = PBXFileReference; explicitFileType = wrapper.application; includeInIndex = 0; path = "HackMIT-iOS.app"; sourceTree = BUILT_PRODUCTS_DIR; };
		E84FD301232D47C800992AAB /* AppDelegate.swift */ = {isa = PBXFileReference; lastKnownFileType = sourcecode.swift; path = AppDelegate.swift; sourceTree = "<group>"; };
		E84FD303232D47C800992AAB /* ViewController.swift */ = {isa = PBXFileReference; lastKnownFileType = sourcecode.swift; path = ViewController.swift; sourceTree = "<group>"; };
		E84FD306232D47C800992AAB /* Base */ = {isa = PBXFileReference; lastKnownFileType = file.storyboard; name = Base; path = Base.lproj/Main.storyboard; sourceTree = "<group>"; };
		E84FD309232D47C800992AAB /* HackMIT_iOS.xcdatamodel */ = {isa = PBXFileReference; lastKnownFileType = wrapper.xcdatamodel; path = HackMIT_iOS.xcdatamodel; sourceTree = "<group>"; };
		E84FD30B232D47C900992AAB /* Assets.xcassets */ = {isa = PBXFileReference; lastKnownFileType = folder.assetcatalog; path = Assets.xcassets; sourceTree = "<group>"; };
		E84FD30E232D47C900992AAB /* Base */ = {isa = PBXFileReference; lastKnownFileType = file.storyboard; name = Base; path = Base.lproj/LaunchScreen.storyboard; sourceTree = "<group>"; };
		E84FD310232D47CA00992AAB /* Info.plist */ = {isa = PBXFileReference; lastKnownFileType = text.plist.xml; path = Info.plist; sourceTree = "<group>"; };
/* End PBXFileReference section */

/* Begin PBXFrameworksBuildPhase section */
		E84FD2FB232D47C800992AAB /* Frameworks */ = {
			isa = PBXFrameworksBuildPhase;
			buildActionMask = 2147483647;
			files = (
			);
			runOnlyForDeploymentPostprocessing = 0;
		};
/* End PBXFrameworksBuildPhase section */

/* Begin PBXGroup section */
		E84FD2F5232D47C800992AAB = {
			isa = PBXGroup;
			children = (
				E84FD300232D47C800992AAB /* HackMIT-iOS */,
				E84FD2FF232D47C800992AAB /* Products */,
			);
			sourceTree = "<group>";
		};
		E84FD2FF232D47C800992AAB /* Products */ = {
			isa = PBXGroup;
			children = (
				E84FD2FE232D47C800992AAB /* HackMIT-iOS.app */,
			);
			name = Products;
			sourceTree = "<group>";
		};
		E84FD300232D47C800992AAB /* HackMIT-iOS */ = {
			isa = PBXGroup;
			children = (
				E84FD301232D47C800992AAB /* AppDelegate.swift */,
				E84FD303232D47C800992AAB /* ViewController.swift */,
				E84FD305232D47C800992AAB /* Main.storyboard */,
				E84FD30B232D47C900992AAB /* Assets.xcassets */,
				E84FD30D232D47C900992AAB /* LaunchScreen.storyboard */,
				E84FD310232D47CA00992AAB /* Info.plist */,
				E84FD308232D47C800992AAB /* HackMIT_iOS.xcdatamodeld */,
			);
			path = "HackMIT-iOS";
			sourceTree = "<group>";
		};
/* End PBXGroup section */

/* Begin PBXNativeTarget section */
		E84FD2FD232D47C800992AAB /* HackMIT-iOS */ = {
			isa = PBXNativeTarget;
			buildConfigurationList = E84FD313232D47CA00992AAB /* Build configuration list for PBXNativeTarget "HackMIT-iOS" */;
			buildPhases = (
				E84FD2FA232D47C800992AAB /* Sources */,
				E84FD2FB232D47C800992AAB /* Frameworks */,
				E84FD2FC232D47C800992AAB /* Resources */,
			);
			buildRules = (
			);
			dependencies = (
			);
			name = "HackMIT-iOS";
			productName = "HackMIT-iOS";
			productReference = E84FD2FE232D47C800992AAB /* HackMIT-iOS.app */;
			productType = "com.apple.product-type.application";
		};
/* End PBXNativeTarget section */

/* Begin PBXProject section */
		E84FD2F6232D47C800992AAB /* Project object */ = {
			isa = PBXProject;
			attributes = {
				LastSwiftUpdateCheck = 1030;
				LastUpgradeCheck = 1030;
				ORGANIZATIONNAME = "Emmie Ohnuki";
				TargetAttributes = {
					E84FD2FD232D47C800992AAB = {
						CreatedOnToolsVersion = 10.3;
					};
				};
			};
			buildConfigurationList = E84FD2F9232D47C800992AAB /* Build configuration list for PBXProject "HackMIT-iOS" */;
			compatibilityVersion = "Xcode 9.3";
			developmentRegion = en;
			hasScannedForEncodings = 0;
			knownRegions = (
				en,
				Base,
			);
			mainGroup = E84FD2F5232D47C800992AAB;
			productRefGroup = E84FD2FF232D47C800992AAB /* Products */;
			projectDirPath = "";
			projectRoot = "";
			targets = (
				E84FD2FD232D47C800992AAB /* HackMIT-iOS */,
			);
		};
/* End PBXProject section */

/* Begin PBXResourcesBuildPhase section */
		E84FD2FC232D47C800992AAB /* Resources */ = {
			isa = PBXResourcesBuildPhase;
			buildActionMask = 2147483647;
			files = (
				E84FD30F232D47C900992AAB /* LaunchScreen.storyboard in Resources */,
				E84FD30C232D47C900992AAB /* Assets.xcassets in Resources */,
				E84FD307232D47C800992AAB /* Main.storyboard in Resources */,
			);
			runOnlyForDeploymentPostprocessing = 0;
		};
/* End PBXResourcesBuildPhase section */

/* Begin PBXSourcesBuildPhase section */
		E84FD2FA232D47C800992AAB /* Sources */ = {
			isa = PBXSourcesBuildPhase;
			buildActionMask = 2147483647;
			files = (
				E84FD30A232D47C800992AAB /* HackMIT_iOS.xcdatamodeld in Sources */,
				E84FD304232D47C800992AAB /* ViewController.swift in Sources */,
				E84FD302232D47C800992AAB /* AppDelegate.swift in Sources */,
			);
			runOnlyForDeploymentPostprocessing = 0;
		};
/* End PBXSourcesBuildPhase section */

/* Begin PBXVariantGroup section */
		E84FD305232D47C800992AAB /* Main.storyboard */ = {
			isa = PBXVariantGroup;
			children = (
				E84FD306232D47C800992AAB /* Base */,
			);
			name = Main.storyboard;
			sourceTree = "<group>";
		};
		E84FD30D232D47C900992AAB /* LaunchScreen.storyboard */ = {
			isa = PBXVariantGroup;
			children = (
				E84FD30E232D47C900992AAB /* Base */,
			);
			name = LaunchScreen.storyboard;
			sourceTree = "<group>";
		};
/* End PBXVariantGroup section */

/* Begin XCBuildConfiguration section */
		E84FD311232D47CA00992AAB /* Debug */ = {
			isa = XCBuildConfiguration;
			buildSettings = {
				ALWAYS_SEARCH_USER_PATHS = NO;
				CLANG_ANALYZER_NONNULL = YES;
				CLANG_ANALYZER_NUMBER_OBJECT_CONVERSION = YES_AGGRESSIVE;
				CLANG_CXX_LANGUAGE_STANDARD = "gnu++14";
				CLANG_CXX_LIBRARY = "libc++";
				CLANG_ENABLE_MODULES = YES;
				CLANG_ENABLE_OBJC_ARC = YES;
				CLANG_ENABLE_OBJC_WEAK = YES;
				CLANG_WARN_BLOCK_CAPTURE_AUTORELEASING = YES;
				CLANG_WARN_BOOL_CONVERSION = YES;
				CLANG_WARN_COMMA = YES;
				CLANG_WARN_CONSTANT_CONVERSION = YES;
				CLANG_WARN_DEPRECATED_OBJC_IMPLEMENTATIONS = YES;
				CLANG_WARN_DIRECT_OBJC_ISA_USAGE = YES_ERROR;
				CLANG_WARN_DOCUMENTATION_COMMENTS = YES;
				CLANG_WARN_EMPTY_BODY = YES;
				CLANG_WARN_ENUM_CONVERSION = YES;
				CLANG_WARN_INFINITE_RECURSION = YES;
				CLANG_WARN_INT_CONVERSION = YES;
				CLANG_WARN_NON_LITERAL_NULL_CONVERSION = YES;
				CLANG_WARN_OBJC_IMPLICIT_RETAIN_SELF = YES;
				CLANG_WARN_OBJC_LITERAL_CONVERSION = YES;
				CLANG_WARN_OBJC_ROOT_CLASS = YES_ERROR;
				CLANG_WARN_RANGE_LOOP_ANALYSIS = YES;
				CLANG_WARN_STRICT_PROTOTYPES = YES;
				CLANG_WARN_SUSPICIOUS_MOVE = YES;
				CLANG_WARN_UNGUARDED_AVAILABILITY = YES_AGGRESSIVE;
				CLANG_WARN_UNREACHABLE_CODE = YES;
				CLANG_WARN__DUPLICATE_METHOD_MATCH = YES;
				CODE_SIGN_IDENTITY = "iPhone Developer";
				COPY_PHASE_STRIP = NO;
				DEBUG_INFORMATION_FORMAT = dwarf;
				ENABLE_STRICT_OBJC_MSGSEND = YES;
				ENABLE_TESTABILITY = YES;
				GCC_C_LANGUAGE_STANDARD = gnu11;
				GCC_DYNAMIC_NO_PIC = NO;
				GCC_NO_COMMON_BLOCKS = YES;
				GCC_OPTIMIZATION_LEVEL = 0;
				GCC_PREPROCESSOR_DEFINITIONS = (
					"DEBUG=1",
					"$(inherited)",
				);
				GCC_WARN_64_TO_32_BIT_CONVERSION = YES;
				GCC_WARN_ABOUT_RETURN_TYPE = YES_ERROR;
				GCC_WARN_UNDECLARED_SELECTOR = YES;
				GCC_WARN_UNINITIALIZED_AUTOS = YES_AGGRESSIVE;
				GCC_WARN_UNUSED_FUNCTION = YES;
				GCC_WARN_UNUSED_VARIABLE = YES;
				IPHONEOS_DEPLOYMENT_TARGET = 12.4;
				MTL_ENABLE_DEBUG_INFO = INCLUDE_SOURCE;
				MTL_FAST_MATH = YES;
				ONLY_ACTIVE_ARCH = YES;
				SDKROOT = iphoneos;
				SWIFT_ACTIVE_COMPILATION_CONDITIONS = DEBUG;
				SWIFT_OPTIMIZATION_LEVEL = "-Onone";
			};
			name = Debug;
		};
		E84FD312232D47CA00992AAB /* Release */ = {
			isa = XCBuildConfiguration;
			buildSettings = {
				ALWAYS_SEARCH_USER_PATHS = NO;
				CLANG_ANALYZER_NONNULL = YES;
				CLANG_ANALYZER_NUMBER_OBJECT_CONVERSION = YES_AGGRESSIVE;
				CLANG_CXX_LANGUAGE_STANDARD = "gnu++14";
				CLANG_CXX_LIBRARY = "libc++";
				CLANG_ENABLE_MODULES = YES;
				CLANG_ENABLE_OBJC_ARC = YES;
				CLANG_ENABLE_OBJC_WEAK = YES;
				CLANG_WARN_BLOCK_CAPTURE_AUTORELEASING = YES;
				CLANG_WARN_BOOL_CONVERSION = YES;
				CLANG_WARN_COMMA = YES;
				CLANG_WARN_CONSTANT_CONVERSION = YES;
				CLANG_WARN_DEPRECATED_OBJC_IMPLEMENTATIONS = YES;
				CLANG_WARN_DIRECT_OBJC_ISA_USAGE = YES_ERROR;
				CLANG_WARN_DOCUMENTATION_COMMENTS = YES;
				CLANG_WARN_EMPTY_BODY = YES;
				CLANG_WARN_ENUM_CONVERSION = YES;
				CLANG_WARN_INFINITE_RECURSION = YES;
				CLANG_WARN_INT_CONVERSION = YES;
				CLANG_WARN_NON_LITERAL_NULL_CONVERSION = YES;
				CLANG_WARN_OBJC_IMPLICIT_RETAIN_SELF = YES;
				CLANG_WARN_OBJC_LITERAL_CONVERSION = YES;
				CLANG_WARN_OBJC_ROOT_CLASS = YES_ERROR;
				CLANG_WARN_RANGE_LOOP_ANALYSIS = YES;
				CLANG_WARN_STRICT_PROTOTYPES = YES;
				CLANG_WARN_SUSPICIOUS_MOVE = YES;
				CLANG_WARN_UNGUARDED_AVAILABILITY = YES_AGGRESSIVE;
				CLANG_WARN_UNREACHABLE_CODE = YES;
				CLANG_WARN__DUPLICATE_METHOD_MATCH = YES;
				CODE_SIGN_IDENTITY = "iPhone Developer";
				COPY_PHASE_STRIP = NO;
				DEBUG_INFORMATION_FORMAT = "dwarf-with-dsym";
				ENABLE_NS_ASSERTIONS = NO;
				ENABLE_STRICT_OBJC_MSGSEND = YES;
				GCC_C_LANGUAGE_STANDARD = gnu11;
				GCC_NO_COMMON_BLOCKS = YES;
				GCC_WARN_64_TO_32_BIT_CONVERSION = YES;
				GCC_WARN_ABOUT_RETURN_TYPE = YES_ERROR;
				GCC_WARN_UNDECLARED_SELECTOR = YES;
				GCC_WARN_UNINITIALIZED_AUTOS = YES_AGGRESSIVE;
				GCC_WARN_UNUSED_FUNCTION = YES;
				GCC_WARN_UNUSED_VARIABLE = YES;
				IPHONEOS_DEPLOYMENT_TARGET = 12.4;
				MTL_ENABLE_DEBUG_INFO = NO;
				MTL_FAST_MATH = YES;
				SDKROOT = iphoneos;
				SWIFT_COMPILATION_MODE = wholemodule;
				SWIFT_OPTIMIZATION_LEVEL = "-O";
				VALIDATE_PRODUCT = YES;
			};
			name = Release;
		};
		E84FD314232D47CA00992AAB /* Debug */ = {
			isa = XCBuildConfiguration;
			buildSettings = {
				ASSETCATALOG_COMPILER_APPICON_NAME = AppIcon;
				CODE_SIGN_STYLE = Automatic;
				DEVELOPMENT_TEAM = 268QRXVK86;
				INFOPLIST_FILE = "HackMIT-iOS/Info.plist";
				LD_RUNPATH_SEARCH_PATHS = (
					"$(inherited)",
					"@executable_path/Frameworks",
				);
				PRODUCT_BUNDLE_IDENTIFIER = "org.emmieohnuki.HackMIT-iOS";
				PRODUCT_NAME = "$(TARGET_NAME)";
				SWIFT_VERSION = 5.0;
				TARGETED_DEVICE_FAMILY = "1,2";
			};
			name = Debug;
		};
		E84FD315232D47CA00992AAB /* Release */ = {
			isa = XCBuildConfiguration;
			buildSettings = {
				ASSETCATALOG_COMPILER_APPICON_NAME = AppIcon;
				CODE_SIGN_STYLE = Automatic;
				DEVELOPMENT_TEAM = 268QRXVK86;
				INFOPLIST_FILE = "HackMIT-iOS/Info.plist";
				LD_RUNPATH_SEARCH_PATHS = (
					"$(inherited)",
					"@executable_path/Frameworks",
				);
				PRODUCT_BUNDLE_IDENTIFIER = "org.emmieohnuki.HackMIT-iOS";
				PRODUCT_NAME = "$(TARGET_NAME)";
				SWIFT_VERSION = 5.0;
				TARGETED_DEVICE_FAMILY = "1,2";
			};
			name = Release;
		};
/* End XCBuildConfiguration section */

/* Begin XCConfigurationList section */
		E84FD2F9232D47C800992AAB /* Build configuration list for PBXProject "HackMIT-iOS" */ = {
			isa = XCConfigurationList;
			buildConfigurations = (
				E84FD311232D47CA00992AAB /* Debug */,
				E84FD312232D47CA00992AAB /* Release */,
			);
			defaultConfigurationIsVisible = 0;
			defaultConfigurationName = Release;
		};
		E84FD313232D47CA00992AAB /* Build configuration list for PBXNativeTarget "HackMIT-iOS" */ = {
			isa = XCConfigurationList;
			buildConfigurations = (
				E84FD314232D47CA00992AAB /* Debug */,
				E84FD315232D47CA00992AAB /* Release */,
			);
			defaultConfigurationIsVisible = 0;
			defaultConfigurationName = Release;
		};
/* End XCConfigurationList section */

/* Begin XCVersionGroup section */
		E84FD308232D47C800992AAB /* HackMIT_iOS.xcdatamodeld */ = {
			isa = XCVersionGroup;
			children = (
				E84FD309232D47C800992AAB /* HackMIT_iOS.xcdatamodel */,
			);
			currentVersion = E84FD309232D47C800992AAB /* HackMIT_iOS.xcdatamodel */;
			path = HackMIT_iOS.xcdatamodeld;
			sourceTree = "<group>";
			versionGroupType = wrapper.xcdatamodel;
		};
/* End XCVersionGroup section */
	};
	rootObject = E84FD2F6232D47C800992AAB /* Project object */;
}
